<?xml version="1.0" encoding="utf-8"?>
<Project ToolsVersion="4.0" xmlns="http://schemas.microsoft.com/developer/msbuild/2003">
  <ItemGroup>
    <ClCompile Include="ChangeBppDlg.cpp">
      <Filter>源文件</Filter>
    </ClCompile>
    <ClCompile Include="ChildFrm.cpp">
      <Filter>源文件</Filter>
    </ClCompile>
    <ClCompile Include="Coding.cpp">
      <Filter>源文件</Filter>
    </ClCompile>
    <ClCompile Include="ColorGradDlg.cpp">
      <Filter>源文件</Filter>
    </ClCompile>
    <ClCompile Include="ColorGradWnd.cpp">
      <Filter>源文件</Filter>
    </ClCompile>
    <ClCompile Include="CurveDlg.cpp">
      <Filter>源文件</Filter>
    </ClCompile>
    <ClCompile Include="CurveWnd.cpp">
      <Filter>源文件</Filter>
    </ClCompile>
    <ClCompile Include="Dib.cpp">
      <Filter>源文件</Filter>
    </ClCompile>
    <ClCompile Include="DIP_System.cpp">
      <Filter>源文件</Filter>
    </ClCompile>
    <ClCompile Include="DIP_SystemDoc.cpp">
      <Filter>源文件</Filter>
    </ClCompile>
    <ClCompile Include="DIP_SystemView.cpp">
      <Filter>源文件</Filter>
    </ClCompile>
    <ClCompile Include="Dl_quant.cpp">
      <Filter>源文件</Filter>
    </ClCompile>
    <ClCompile Include="DlgIntensity.cpp">
      <Filter>源文件</Filter>
    </ClCompile>
    <ClCompile Include="DlgPointDT.cpp">
      <Filter>源文件</Filter>
    </ClCompile>
    <ClCompile Include="DlgPointDZ.cpp">
      <Filter>源文件</Filter>
    </ClCompile>
    <ClCompile Include="DlgPointStre.cpp">
      <Filter>源文件</Filter>
    </ClCompile>
    <ClCompile Include="DlgPointWin.cpp">
      <Filter>源文件</Filter>
    </ClCompile>
    <ClCompile Include="DLGSetAngle.cpp">
      <Filter>源文件</Filter>
    </ClCompile>
    <ClCompile Include="DLGSetFreq.cpp">
      <Filter>源文件</Filter>
    </ClCompile>
    <ClCompile Include="DynamicCompressParam.cpp">
      <Filter>源文件</Filter>
    </ClCompile>
    <ClCompile Include="EnhancedHistDlg.cpp">
      <Filter>源文件</Filter>
    </ClCompile>
    <ClCompile Include="Filter.cpp">
      <Filter>源文件</Filter>
    </ClCompile>
    <ClCompile Include="FreqCalculate.cpp">
      <Filter>源文件</Filter>
    </ClCompile>
    <ClCompile Include="FreqFilter.cpp">
      <Filter>源文件</Filter>
    </ClCompile>
    <ClCompile Include="GaussianDlg.cpp">
      <Filter>源文件</Filter>
    </ClCompile>
    <ClCompile Include="GeoOperator.cpp">
      <Filter>源文件</Filter>
    </ClCompile>
    <ClCompile Include="GeoTrans.cpp">
      <Filter>源文件</Filter>
    </ClCompile>
    <ClCompile Include="GrayOperator.cpp">
      <Filter>源文件</Filter>
    </ClCompile>
    <ClCompile Include="GrayProc.cpp">
      <Filter>源文件</Filter>
    </ClCompile>
    <ClCompile Include="HistogramDlg.cpp">
      <Filter>源文件</Filter>
    </ClCompile>
    <ClCompile Include="HistogramWnd.cpp">
      <Filter>源文件</Filter>
    </ClCompile>
    <ClCompile Include="Jpegfile.cpp">
      <Filter>源文件</Filter>
    </ClCompile>
    <ClCompile Include="KernelDef.cpp">
      <Filter>源文件</Filter>
    </ClCompile>
    <ClCompile Include="MainFrm.cpp">
      <Filter>源文件</Filter>
    </ClCompile>
    <ClCompile Include="Morph.cpp">
      <Filter>源文件</Filter>
    </ClCompile>
    <ClCompile Include="Noise.cpp">
      <Filter>源文件</Filter>
    </ClCompile>
    <ClCompile Include="PreviewDlg.cpp">
      <Filter>源文件</Filter>
    </ClCompile>
    <ClCompile Include="RotateDlg.cpp">
      <Filter>源文件</Filter>
    </ClCompile>
    <ClCompile Include="SpaceFilter.cpp">
      <Filter>源文件</Filter>
    </ClCompile>
    <ClCompile Include="SpaceFilterDlg.cpp">
      <Filter>源文件</Filter>
    </ClCompile>
    <ClCompile Include="SpaceFilterWnd.cpp">
      <Filter>源文件</Filter>
    </ClCompile>
    <ClCompile Include="SplitProc.cpp">
      <Filter>源文件</Filter>
    </ClCompile>
    <ClCompile Include="stdafx.cpp">
      <Filter>源文件</Filter>
    </ClCompile>
    <ClCompile Include="StretchDlg.cpp">
      <Filter>源文件</Filter>
    </ClCompile>
    <ClCompile Include="ThresholdDlg.cpp">
      <Filter>源文件</Filter>
    </ClCompile>
    <ClCompile Include="UndoStack.cpp">
      <Filter>源文件</Filter>
    </ClCompile>
    <ClCompile Include="WaterMarking.cpp">
      <Filter>源文件</Filter>
    </ClCompile>
    <ClCompile Include="ZoomDlg.cpp">
      <Filter>源文件</Filter>
    </ClCompile>
  </ItemGroup>
  <ItemGroup>
    <ClInclude Include="Basic.h">
      <Filter>头文件</Filter>
    </ClInclude>
    <ClInclude Include="ChangeBppDlg.h">
      <Filter>头文件</Filter>
    </ClInclude>
    <ClInclude Include="ChildFrm.h">
      <Filter>头文件</Filter>
    </ClInclude>
    <ClInclude Include="Coding.h">
      <Filter>头文件</Filter>
    </ClInclude>
    <ClInclude Include="ColorGradDlg.h">
      <Filter>头文件</Filter>
    </ClInclude>
    <ClInclude Include="ColorGradWnd.h">
      <Filter>头文件</Filter>
    </ClInclude>
    <ClInclude Include="CurveDlg.h">
      <Filter>头文件</Filter>
    </ClInclude>
    <ClInclude Include="CurveWnd.h">
      <Filter>头文件</Filter>
    </ClInclude>
    <ClInclude Include="Dib.h">
      <Filter>头文件</Filter>
    </ClInclude>
    <ClInclude Include="DIP_System.h">
      <Filter>头文件</Filter>
    </ClInclude>
    <ClInclude Include="DIP_SystemDoc.h">
      <Filter>头文件</Filter>
    </ClInclude>
    <ClInclude Include="DIP_SystemView.h">
      <Filter>头文件</Filter>
    </ClInclude>
    <ClInclude Include="Dl_quant.h">
      <Filter>头文件</Filter>
    </ClInclude>
    <ClInclude Include="DlgIntensity.h">
      <Filter>头文件</Filter>
    </ClInclude>
    <ClInclude Include="DlgPointDT.h">
      <Filter>头文件</Filter>
    </ClInclude>
    <ClInclude Include="DlgPointDZ.h">
      <Filter>头文件</Filter>
    </ClInclude>
    <ClInclude Include="DlgPointStre.h">
      <Filter>头文件</Filter>
    </ClInclude>
    <ClInclude Include="DlgPointWin.h">
      <Filter>头文件</Filter>
    </ClInclude>
    <ClInclude Include="DLGSetAngle.h">
      <Filter>头文件</Filter>
    </ClInclude>
    <ClInclude Include="DLGSetFreq.h">
      <Filter>头文件</Filter>
    </ClInclude>
    <ClInclude Include="DynamicCompressParam.h">
      <Filter>头文件</Filter>
    </ClInclude>
    <ClInclude Include="EnhancedHistDlg.h">
      <Filter>头文件</Filter>
    </ClInclude>
    <ClInclude Include="Filter.h">
      <Filter>头文件</Filter>
    </ClInclude>
    <ClInclude Include="FreqCalculate.h">
      <Filter>头文件</Filter>
    </ClInclude>
    <ClInclude Include="FreqFilter.h">
      <Filter>头文件</Filter>
    </ClInclude>
    <ClInclude Include="GaussianDlg.h">
      <Filter>头文件</Filter>
    </ClInclude>
    <ClInclude Include="GeoOperator.h">
      <Filter>头文件</Filter>
    </ClInclude>
    <ClInclude Include="GeoTrans.h">
      <Filter>头文件</Filter>
    </ClInclude>
    <ClInclude Include="GrayOperator.h">
      <Filter>头文件</Filter>
    </ClInclude>
    <ClInclude Include="GrayProc.h">
      <Filter>头文件</Filter>
    </ClInclude>
    <ClInclude Include="HistogramDlg.h">
      <Filter>头文件</Filter>
    </ClInclude>
    <ClInclude Include="HistogramWnd.h">
      <Filter>头文件</Filter>
    </ClInclude>
    <ClInclude Include="jconfig.h">
      <Filter>头文件</Filter>
    </ClInclude>
    <ClInclude Include="jmorecfg.h">
      <Filter>头文件</Filter>
    </ClInclude>
    <ClInclude Include="Jpegfile.h">
      <Filter>头文件</Filter>
    </ClInclude>
    <ClInclude Include="jpeglib.h">
      <Filter>头文件</Filter>
    </ClInclude>
    <ClInclude Include="KernelDef.h">
      <Filter>头文件</Filter>
    </ClInclude>
    <ClInclude Include="MainFrm.h">
      <Filter>头文件</Filter>
    </ClInclude>
    <ClInclude Include="Morph.h">
      <Filter>头文件</Filter>
    </ClInclude>
    <ClInclude Include="Noise.h">
      <Filter>头文件</Filter>
    </ClInclude>
    <ClInclude Include="PreviewDlg.h">
      <Filter>头文件</Filter>
    </ClInclude>
    <ClInclude Include="Resource.h">
      <Filter>头文件</Filter>
    </ClInclude>
    <ClInclude Include="RotateDlg.h">
      <Filter>头文件</Filter>
    </ClInclude>
    <ClInclude Include="SpaceFilter.h">
      <Filter>头文件</Filter>
    </ClInclude>
    <ClInclude Include="SpaceFilterDlg.h">
      <Filter>头文件</Filter>
    </ClInclude>
    <ClInclude Include="SpaceFilterWnd.h">
      <Filter>头文件</Filter>
    </ClInclude>
    <ClInclude Include="SplitProc.h">
      <Filter>头文件</Filter>
    </ClInclude>
    <ClInclude Include="stdafx.h">
      <Filter>头文件</Filter>
    </ClInclude>
    <ClInclude Include="StretchDlg.h">
      <Filter>头文件</Filter>
    </ClInclude>
    <ClInclude Include="targetver.h">
      <Filter>头文件</Filter>
    </ClInclude>
    <ClInclude Include="ThresholdDlg.h">
      <Filter>头文件</Filter>
    </ClInclude>
    <ClInclude Include="UndoStack.h">
      <Filter>头文件</Filter>
    </ClInclude>
    <ClInclude Include="WaterMarking.h">
      <Filter>头文件</Filter>
    </ClInclude>
    <ClInclude Include="ZoomDlg.h">
      <Filter>头文件</Filter>
    </ClInclude>
  </ItemGroup>
  <ItemGroup>
    <Image Include="res\ColorGrad.ico">
      <Filter>资源文件\ico</Filter>
    </Image>
    <Image Include="res\Curve.ico">
      <Filter>资源文件\ico</Filter>
    </Image>
    <Image Include="res\Dialog.ICO">
      <Filter>资源文件\ico</Filter>
    </Image>
    <Image Include="res\DIP_System.ico">
      <Filter>资源文件\ico</Filter>
    </Image>
    <Image Include="res\DIP_SystemDoc.ico">
      <Filter>资源文件\ico</Filter>
    </Image>
    <Image Include="res\Filter.ico">
      <Filter>资源文件\ico</Filter>
    </Image>
    <Image Include="res\FlipH.ico">
      <Filter>资源文件\ico</Filter>
    </Image>
    <Image Include="res\FlipV.ico">
      <Filter>资源文件\ico</Filter>
    </Image>
    <Image Include="res\HistBlue.ico">
      <Filter>资源文件\ico</Filter>
    </Image>
    <Image Include="res\HistGreen.ico">
      <Filter>资源文件\ico</Filter>
    </Image>
    <Image Include="res\Histogram.ico">
      <Filter>资源文件\ico</Filter>
    </Image>
    <Image Include="res\HistRed.ico">
      <Filter>资源文件\ico</Filter>
    </Image>
    <Image Include="res\Redo.ico">
      <Filter>资源文件\ico</Filter>
    </Image>
    <Image Include="res\Rotate.ico">
      <Filter>资源文件\ico</Filter>
    </Image>
    <Image Include="res\Threshold.ico">
      <Filter>资源文件\ico</Filter>
    </Image>
    <Image Include="res\ToGray.ico">
      <Filter>资源文件\ico</Filter>
    </Image>
    <Image Include="res\Transpose.ico">
      <Filter>资源文件\ico</Filter>
    </Image>
    <Image Include="res\Undo.ico">
      <Filter>资源文件\ico</Filter>
    </Image>
    <Image Include="res\ZoomDefault.ico">
      <Filter>资源文件\ico</Filter>
    </Image>
    <Image Include="res\ZoomDlg.ico">
      <Filter>资源文件\ico</Filter>
    </Image>
    <Image Include="res\ZoomFitView.ico">
      <Filter>资源文件\ico</Filter>
    </Image>
    <Image Include="res\ZoomIn.ico">
      <Filter>资源文件\ico</Filter>
    </Image>
    <Image Include="res\ZoomOut.ico">
      <Filter>资源文件\ico</Filter>
    </Image>
    <Image Include="res\Toolbar.bmp">
      <Filter>资源文件\bmp</Filter>
    </Image>
  </ItemGroup>
  <ItemGroup>
    <Filter Include="头文件">
      <UniqueIdentifier>{55d7b121-cb39-439c-a20d-cd56e03bf0ed}</UniqueIdentifier>
    </Filter>
    <Filter Include="源文件">
      <UniqueIdentifier>{92b4d9d9-0df5-4cd2-b55c-a8865f44ac15}</UniqueIdentifier>
    </Filter>
    <Filter Include="资源文件">
      <UniqueIdentifier>{580e171b-6dd2-4348-8cc6-0e0d6548b22e}</UniqueIdentifier>
    </Filter>
    <Filter Include="资源文件\ico">
      <UniqueIdentifier>{d81a8b4a-f2b5-405a-b8d8-09b361ecc0d5}</UniqueIdentifier>
    </Filter>
    <Filter Include="资源文件\bmp">
      <UniqueIdentifier>{671e9119-4d4d-483e-aee7-72a82cabcdf7}</UniqueIdentifier>
    </Filter>
  </ItemGroup>
  <ItemGroup>
    <ResourceCompile Include="DIP_System.rc">
      <Filter>资源文件</Filter>
    </ResourceCompile>
  </ItemGroup>
  <ItemGroup>
    <None Include="res\DIP_System.rc2">
      <Filter>资源文件</Filter>
    </None>
    <None Include="res\cursor.cur">
      <Filter>资源文件</Filter>
    </None>
  </ItemGroup>
  <ItemGroup>
    <Text Include="ReadMe.txt" />
  </ItemGroup>
</Project>