
Microsoft Visual Studio Solution File, Format Version 12.00
# Visual Studio Version 17
VisualStudioVersion = 17.3.32825.248
MinimumVisualStudioVersion = 10.0.40219.1
Project("{FAE04EC0-301F-11D3-BF4B-00C04F79EFBC}") = "Tanker", "Tanker.csproj", "{CD496832-BD79-4A95-9EDC-9ED6C6A67397}"
EndProject
Global
	GlobalSection(SolutionConfigurationPlatforms) = preSolution
		Debug|Any CPU = Debug|Any CPU
		Release|Any CPU = Release|Any CPU
	EndGlobalSection
	GlobalSection(ProjectConfigurationPlatforms) = postSolution
		{CD496832-BD79-4A95-9EDC-9ED6C6A67397}.Debug|Any CPU.ActiveCfg = Debug|Any CPU
		{CD496832-BD79-4A95-9EDC-9ED6C6A67397}.Debug|Any CPU.Build.0 = Debug|Any CPU
		{CD496832-BD79-4A95-9EDC-9ED6C6A67397}.Release|Any CPU.ActiveCfg = Release|Any CPU
		{CD496832-BD79-4A95-9EDC-9ED6C6A67397}.Release|Any CPU.Build.0 = Release|Any CPU
	EndGlobalSection
	GlobalSection(SolutionProperties) = preSolution
		HideSolutionNode = FALSE
	EndGlobalSection
	GlobalSection(ExtensibilityGlobals) = postSolution
		SolutionGuid = {1E8C8281-1813-4F6D-A168-38104FC13905}
	EndGlobalSection
EndGlobal
